{
  "name": "whitecube",
  "version": "1.0.0",
  "lockfileVersion": 2,
  "requires": true,
  "packages": {
    "": {
      "name": "whitecube",
      "version": "1.0.0",
      "hasInstallScript": true,
      "license": "Unlicense",
      "dependencies": {
        "@octokit/rest": "^18.5.3",
        "@prisma/client": "^2.23.0",
        "dotenv": "^9.0.2",
        "eris": "^0.15.1",
        "js-base64": "^3.6.0"
      },
      "devDependencies": {
        "prisma": "^2.23.0"
      }
    },
    "node_modules/@octokit/auth-token": {
      "version": "2.4.5",
      "resolved": "https://registry.npmjs.org/@octokit/auth-token/-/auth-token-2.4.5.tgz",
      "integrity": "sha512-BpGYsPgJt05M7/L/5FoE1PiAbdxXFZkX/3kDYcsvd1v6UhlnE5e96dTDr0ezX/EFwciQxf3cNV0loipsURU+WA==",
      "dependencies": {
        "@octokit/types": "^6.0.3"
      }
    },
    "node_modules/@octokit/core": {
      "version": "3.4.0",
      "resolved": "https://registry.npmjs.org/@octokit/core/-/core-3.4.0.tgz",
      "integrity": "sha512-6/vlKPP8NF17cgYXqucdshWqmMZGXkuvtcrWCgU5NOI0Pl2GjlmZyWgBMrU8zJ3v2MJlM6++CiB45VKYmhiWWg==",
      "dependencies": {
        "@octokit/auth-token": "^2.4.4",
        "@octokit/graphql": "^4.5.8",
        "@octokit/request": "^5.4.12",
        "@octokit/request-error": "^2.0.5",
        "@octokit/types": "^6.0.3",
        "before-after-hook": "^2.2.0",
        "universal-user-agent": "^6.0.0"
      }
    },
    "node_modules/@octokit/endpoint": {
      "version": "6.0.11",
      "resolved": "https://registry.npmjs.org/@octokit/endpoint/-/endpoint-6.0.11.tgz",
      "integrity": "sha512-fUIPpx+pZyoLW4GCs3yMnlj2LfoXTWDUVPTC4V3MUEKZm48W+XYpeWSZCv+vYF1ZABUm2CqnDVf1sFtIYrj7KQ==",
      "dependencies": {
        "@octokit/types": "^6.0.3",
        "is-plain-object": "^5.0.0",
        "universal-user-agent": "^6.0.0"
      }
    },
    "node_modules/@octokit/graphql": {
      "version": "4.6.2",
      "resolved": "https://registry.npmjs.org/@octokit/graphql/-/graphql-4.6.2.tgz",
      "integrity": "sha512-WmsIR1OzOr/3IqfG9JIczI8gMJUMzzyx5j0XXQ4YihHtKlQc+u35VpVoOXhlKAlaBntvry1WpAzPl/a+s3n89Q==",
      "dependencies": {
        "@octokit/request": "^5.3.0",
        "@octokit/types": "^6.0.3",
        "universal-user-agent": "^6.0.0"
      }
    },
    "node_modules/@octokit/openapi-types": {
      "version": "7.0.0",
      "resolved": "https://registry.npmjs.org/@octokit/openapi-types/-/openapi-types-7.0.0.tgz",
      "integrity": "sha512-gV/8DJhAL/04zjTI95a7FhQwS6jlEE0W/7xeYAzuArD0KVAVWDLP2f3vi98hs3HLTczxXdRK/mF0tRoQPpolEw=="
    },
    "node_modules/@octokit/plugin-paginate-rest": {
      "version": "2.13.3",
      "resolved": "https://registry.npmjs.org/@octokit/plugin-paginate-rest/-/plugin-paginate-rest-2.13.3.tgz",
      "integrity": "sha512-46lptzM9lTeSmIBt/sVP/FLSTPGx6DCzAdSX3PfeJ3mTf4h9sGC26WpaQzMEq/Z44cOcmx8VsOhO+uEgE3cjYg==",
      "dependencies": {
        "@octokit/types": "^6.11.0"
      },
      "peerDependencies": {
        "@octokit/core": ">=2"
      }
    },
    "node_modules/@octokit/plugin-request-log": {
      "version": "1.0.3",
      "resolved": "https://registry.npmjs.org/@octokit/plugin-request-log/-/plugin-request-log-1.0.3.tgz",
      "integrity": "sha512-4RFU4li238jMJAzLgAwkBAw+4Loile5haQMQr+uhFq27BmyJXcXSKvoQKqh0agsZEiUlW6iSv3FAgvmGkur7OQ==",
      "peerDependencies": {
        "@octokit/core": ">=3"
      }
    },
    "node_modules/@octokit/plugin-rest-endpoint-methods": {
      "version": "5.0.1",
      "resolved": "https://registry.npmjs.org/@octokit/plugin-rest-endpoint-methods/-/plugin-rest-endpoint-methods-5.0.1.tgz",
      "integrity": "sha512-vvWbPtPqLyIzJ7A4IPdTl+8IeuKAwMJ4LjvmqWOOdfSuqWQYZXq2CEd0hsnkidff2YfKlguzujHs/reBdAx8Sg==",
      "dependencies": {
        "@octokit/types": "^6.13.1",
        "deprecation": "^2.3.1"
      },
      "peerDependencies": {
        "@octokit/core": ">=3"
      }
    },
    "node_modules/@octokit/request": {
      "version": "5.4.15",
      "resolved": "https://registry.npmjs.org/@octokit/request/-/request-5.4.15.tgz",
      "integrity": "sha512-6UnZfZzLwNhdLRreOtTkT9n57ZwulCve8q3IT/Z477vThu6snfdkBuhxnChpOKNGxcQ71ow561Qoa6uqLdPtag==",
      "dependencies": {
        "@octokit/endpoint": "^6.0.1",
        "@octokit/request-error": "^2.0.0",
        "@octokit/types": "^6.7.1",
        "is-plain-object": "^5.0.0",
        "node-fetch": "^2.6.1",
        "universal-user-agent": "^6.0.0"
      }
    },
    "node_modules/@octokit/request-error": {
      "version": "2.0.5",
      "resolved": "https://registry.npmjs.org/@octokit/request-error/-/request-error-2.0.5.tgz",
      "integrity": "sha512-T/2wcCFyM7SkXzNoyVNWjyVlUwBvW3igM3Btr/eKYiPmucXTtkxt2RBsf6gn3LTzaLSLTQtNmvg+dGsOxQrjZg==",
      "dependencies": {
        "@octokit/types": "^6.0.3",
        "deprecation": "^2.0.0",
        "once": "^1.4.0"
      }
    },
    "node_modules/@octokit/rest": {
      "version": "18.5.3",
      "resolved": "https://registry.npmjs.org/@octokit/rest/-/rest-18.5.3.tgz",
      "integrity": "sha512-KPAsUCr1DOdLVbZJgGNuE/QVLWEaVBpFQwDAz/2Cnya6uW2wJ/P5RVGk0itx7yyN1aGa8uXm2pri4umEqG1JBA==",
      "dependencies": {
        "@octokit/core": "^3.2.3",
        "@octokit/plugin-paginate-rest": "^2.6.2",
        "@octokit/plugin-request-log": "^1.0.2",
        "@octokit/plugin-rest-endpoint-methods": "5.0.1"
      }
    },
    "node_modules/@octokit/types": {
      "version": "6.14.2",
      "resolved": "https://registry.npmjs.org/@octokit/types/-/types-6.14.2.tgz",
      "integrity": "sha512-wiQtW9ZSy4OvgQ09iQOdyXYNN60GqjCL/UdMsepDr1Gr0QzpW6irIKbH3REuAHXAhxkEk9/F2a3Gcs1P6kW5jA==",
      "dependencies": {
        "@octokit/openapi-types": "^7.0.0"
      }
    },
    "node_modules/@prisma/client": {
      "version": "2.23.0",
      "resolved": "https://registry.npmjs.org/@prisma/client/-/client-2.23.0.tgz",
      "integrity": "sha512-xsHdo3+wIH0hJVGfKHYTEKtifStjKH0b5t8t7hV32Fypq6+3uxhAi3F25yxuI4XSHXg21nb7Ha82lNwU/0TERA==",
      "hasInstallScript": true,
      "dependencies": {
        "@prisma/engines-version": "2.23.0-36.adf5e8cba3daf12d456d911d72b6e9418681b28b"
      },
      "engines": {
        "node": ">=10.16"
      },
      "peerDependencies": {
        "prisma": "*"
      },
      "peerDependenciesMeta": {
        "prisma": {
          "optional": true
        }
      }
    },
    "node_modules/@prisma/engines": {
      "version": "2.23.0-36.adf5e8cba3daf12d456d911d72b6e9418681b28b",
      "resolved": "https://registry.npmjs.org/@prisma/engines/-/engines-2.23.0-36.adf5e8cba3daf12d456d911d72b6e9418681b28b.tgz",
      "integrity": "sha512-Tgk3kggO5B9IT6mimJAw6HSxbFoDAuDKL3sHHSS41EnQm76j/nf4uhGZFPzOQwZWOLeT5ZLO2khr4/FCA9Nkhw==",
      "devOptional": true,
      "hasInstallScript": true
    },
    "node_modules/@prisma/engines-version": {
      "version": "2.23.0-36.adf5e8cba3daf12d456d911d72b6e9418681b28b",
      "resolved": "https://registry.npmjs.org/@prisma/engines-version/-/engines-version-2.23.0-36.adf5e8cba3daf12d456d911d72b6e9418681b28b.tgz",
      "integrity": "sha512-VNgnOe+oPQKmy3HOtWi/Q1fvcKZUQkf1OfTD1pzrLBx9tJPejyxt1Mq54L+OOAuYvfrua6bmfojFVLh7uXuWVw=="
    },
    "node_modules/before-after-hook": {
      "version": "2.2.1",
      "resolved": "https://registry.npmjs.org/before-after-hook/-/before-after-hook-2.2.1.tgz",
      "integrity": "sha512-/6FKxSTWoJdbsLDF8tdIjaRiFXiE6UHsEHE3OPI/cwPURCVi1ukP0gmLn7XWEiFk5TcwQjjY5PWsU+j+tgXgmw=="
    },
    "node_modules/deprecation": {
      "version": "2.3.1",
      "resolved": "https://registry.npmjs.org/deprecation/-/deprecation-2.3.1.tgz",
      "integrity": "sha512-xmHIy4F3scKVwMsQ4WnVaS8bHOx0DmVwRywosKhaILI0ywMDWPtBSku2HNxRvF7jtwDRsoEwYQSfbxj8b7RlJQ=="
    },
    "node_modules/dotenv": {
      "version": "9.0.2",
      "resolved": "https://registry.npmjs.org/dotenv/-/dotenv-9.0.2.tgz",
      "integrity": "sha512-I9OvvrHp4pIARv4+x9iuewrWycX6CcZtoAu1XrzPxc5UygMJXJZYmBsynku8IkrJwgypE5DGNjDPmPRhDCptUg==",
      "engines": {
        "node": ">=10"
      }
    },
    "node_modules/eris": {
      "version": "0.15.1",
      "resolved": "https://registry.npmjs.org/eris/-/eris-0.15.1.tgz",
      "integrity": "sha512-IQ3BPW6OjgFoqjdh+irPOa1jFlkotk+WNu2GQQ7QAQfbzQEPZgn+F+hpOxfMUXPHOZMX4sPKLkVDkMHAssBYhw==",
      "dependencies": {
        "ws": "^7.2.1"
      },
      "engines": {
        "node": ">=10.4.0"
      },
      "optionalDependencies": {
        "opusscript": "^0.0.8",
        "tweetnacl": "^1.0.1"
      }
    },
    "node_modules/is-plain-object": {
      "version": "5.0.0",
      "resolved": "https://registry.npmjs.org/is-plain-object/-/is-plain-object-5.0.0.tgz",
      "integrity": "sha512-VRSzKkbMm5jMDoKLbltAkFQ5Qr7VDiTFGXxYFXXowVj387GeGNOCsOH6Msy00SGZ3Fp84b1Naa1psqgcCIEP5Q==",
      "engines": {
        "node": ">=0.10.0"
      }
    },
    "node_modules/js-base64": {
      "version": "3.6.0",
      "resolved": "https://registry.npmjs.org/js-base64/-/js-base64-3.6.0.tgz",
      "integrity": "sha512-wVdUBYQeY2gY73RIlPrysvpYx+2vheGo8Y1SNQv/BzHToWpAZzJU7Z6uheKMAe+GLSBig5/Ps2nxg/8tRB73xg=="
    },
    "node_modules/node-fetch": {
      "version": "2.6.1",
      "resolved": "https://registry.npmjs.org/node-fetch/-/node-fetch-2.6.1.tgz",
      "integrity": "sha512-V4aYg89jEoVRxRb2fJdAg8FHvI7cEyYdVAh94HH0UIK8oJxUfkjlDQN9RbMx+bEjP7+ggMiFRprSti032Oipxw==",
      "engines": {
        "node": "4.x || >=6.0.0"
      }
    },
    "node_modules/once": {
      "version": "1.4.0",
      "resolved": "https://registry.npmjs.org/once/-/once-1.4.0.tgz",
      "integrity": "sha1-WDsap3WWHUsROsF9nFC6753Xa9E=",
      "dependencies": {
        "wrappy": "1"
      }
    },
    "node_modules/opusscript": {
      "version": "0.0.8",
      "resolved": "https://registry.npmjs.org/opusscript/-/opusscript-0.0.8.tgz",
      "integrity": "sha512-VSTi1aWFuCkRCVq+tx/BQ5q9fMnQ9pVZ3JU4UHKqTkf0ED3fKEPdr+gKAAl3IA2hj9rrP6iyq3hlcJq3HELtNQ==",
      "optional": true
    },
    "node_modules/prisma": {
      "version": "2.23.0",
      "resolved": "https://registry.npmjs.org/prisma/-/prisma-2.23.0.tgz",
      "integrity": "sha512-3c/lmDy8nsPcEsfCufvCTJUEuwmAcTPbeGg9fL1qjlvS314duLUA/k2nm3n1rq4ImKqzeC5uaKfvI2IoAfwrJA==",
      "devOptional": true,
      "hasInstallScript": true,
      "dependencies": {
        "@prisma/engines": "2.23.0-36.adf5e8cba3daf12d456d911d72b6e9418681b28b"
      },
      "bin": {
        "prisma": "build/index.js",
        "prisma2": "build/index.js"
      },
      "engines": {
        "node": ">=10.4"
      }
    },
    "node_modules/tweetnacl": {
      "version": "1.0.3",
      "resolved": "https://registry.npmjs.org/tweetnacl/-/tweetnacl-1.0.3.tgz",
      "integrity": "sha512-6rt+RN7aOi1nGMyC4Xa5DdYiukl2UWCbcJft7YhxReBGQD7OAM8Pbxw6YMo4r2diNEA8FEmu32YOn9rhaiE5yw==",
      "optional": true
    },
    "node_modules/universal-user-agent": {
      "version": "6.0.0",
      "resolved": "https://registry.npmjs.org/universal-user-agent/-/universal-user-agent-6.0.0.tgz",
      "integrity": "sha512-isyNax3wXoKaulPDZWHQqbmIx1k2tb9fb3GGDBRxCscfYV2Ch7WxPArBsFEG8s/safwXTT7H4QGhaIkTp9447w=="
    },
    "node_modules/wrappy": {
      "version": "1.0.2",
      "resolved": "https://registry.npmjs.org/wrappy/-/wrappy-1.0.2.tgz",
      "integrity": "sha1-tSQ9jz7BqjXxNkYFvA0QNuMKtp8="
    },
    "node_modules/ws": {
      "version": "7.4.5",
      "resolved": "https://registry.npmjs.org/ws/-/ws-7.4.5.tgz",
      "integrity": "sha512-xzyu3hFvomRfXKH8vOFMU3OguG6oOvhXMo3xsGy3xWExqaM2dxBbVxuD99O7m3ZUFMvvscsZDqxfgMaRr/Nr1g==",
      "engines": {
        "node": ">=8.3.0"
      },
      "peerDependencies": {
        "bufferutil": "^4.0.1",
        "utf-8-validate": "^5.0.2"
      },
      "peerDependenciesMeta": {
        "bufferutil": {
          "optional": true
        },
        "utf-8-validate": {
          "optional": true
        }
      }
    }
  },
  "dependencies": {
    "@octokit/auth-token": {
      "version": "2.4.5",
      "resolved": "https://registry.npmjs.org/@octokit/auth-token/-/auth-token-2.4.5.tgz",
      "integrity": "sha512-BpGYsPgJt05M7/L/5FoE1PiAbdxXFZkX/3kDYcsvd1v6UhlnE5e96dTDr0ezX/EFwciQxf3cNV0loipsURU+WA==",
      "requires": {
        "@octokit/types": "^6.0.3"
      }
    },
    "@octokit/core": {
      "version": "3.4.0",
      "resolved": "https://registry.npmjs.org/@octokit/core/-/core-3.4.0.tgz",
      "integrity": "sha512-6/vlKPP8NF17cgYXqucdshWqmMZGXkuvtcrWCgU5NOI0Pl2GjlmZyWgBMrU8zJ3v2MJlM6++CiB45VKYmhiWWg==",
      "requires": {
        "@octokit/auth-token": "^2.4.4",
        "@octokit/graphql": "^4.5.8",
        "@octokit/request": "^5.4.12",
        "@octokit/request-error": "^2.0.5",
        "@octokit/types": "^6.0.3",
        "before-after-hook": "^2.2.0",
        "universal-user-agent": "^6.0.0"
      }
    },
    "@octokit/endpoint": {
      "version": "6.0.11",
      "resolved": "https://registry.npmjs.org/@octokit/endpoint/-/endpoint-6.0.11.tgz",
      "integrity": "sha512-fUIPpx+pZyoLW4GCs3yMnlj2LfoXTWDUVPTC4V3MUEKZm48W+XYpeWSZCv+vYF1ZABUm2CqnDVf1sFtIYrj7KQ==",
      "requires": {
        "@octokit/types": "^6.0.3",
        "is-plain-object": "^5.0.0",
        "universal-user-agent": "^6.0.0"
      }
    },
    "@octokit/graphql": {
      "version": "4.6.2",
      "resolved": "https://registry.npmjs.org/@octokit/graphql/-/graphql-4.6.2.tgz",
      "integrity": "sha512-WmsIR1OzOr/3IqfG9JIczI8gMJUMzzyx5j0XXQ4YihHtKlQc+u35VpVoOXhlKAlaBntvry1WpAzPl/a+s3n89Q==",
      "requires": {
        "@octokit/request": "^5.3.0",
        "@octokit/types": "^6.0.3",
        "universal-user-agent": "^6.0.0"
      }
    },
    "@octokit/openapi-types": {
      "version": "7.0.0",
      "resolved": "https://registry.npmjs.org/@octokit/openapi-types/-/openapi-types-7.0.0.tgz",
      "integrity": "sha512-gV/8DJhAL/04zjTI95a7FhQwS6jlEE0W/7xeYAzuArD0KVAVWDLP2f3vi98hs3HLTczxXdRK/mF0tRoQPpolEw=="
    },
    "@octokit/plugin-paginate-rest": {
      "version": "2.13.3",
      "resolved": "https://registry.npmjs.org/@octokit/plugin-paginate-rest/-/plugin-paginate-rest-2.13.3.tgz",
      "integrity": "sha512-46lptzM9lTeSmIBt/sVP/FLSTPGx6DCzAdSX3PfeJ3mTf4h9sGC26WpaQzMEq/Z44cOcmx8VsOhO+uEgE3cjYg==",
      "requires": {
        "@octokit/types": "^6.11.0"
      }
    },
    "@octokit/plugin-request-log": {
      "version": "1.0.3",
      "resolved": "https://registry.npmjs.org/@octokit/plugin-request-log/-/plugin-request-log-1.0.3.tgz",
      "integrity": "sha512-4RFU4li238jMJAzLgAwkBAw+4Loile5haQMQr+uhFq27BmyJXcXSKvoQKqh0agsZEiUlW6iSv3FAgvmGkur7OQ==",
      "requires": {}
    },
    "@octokit/plugin-rest-endpoint-methods": {
      "version": "5.0.1",
      "resolved": "https://registry.npmjs.org/@octokit/plugin-rest-endpoint-methods/-/plugin-rest-endpoint-methods-5.0.1.tgz",
      "integrity": "sha512-vvWbPtPqLyIzJ7A4IPdTl+8IeuKAwMJ4LjvmqWOOdfSuqWQYZXq2CEd0hsnkidff2YfKlguzujHs/reBdAx8Sg==",
      "requires": {
        "@octokit/types": "^6.13.1",
        "deprecation": "^2.3.1"
      }
    },
    "@octokit/request": {
      "version": "5.4.15",
      "resolved": "https://registry.npmjs.org/@octokit/request/-/request-5.4.15.tgz",
      "integrity": "sha512-6UnZfZzLwNhdLRreOtTkT9n57ZwulCve8q3IT/Z477vThu6snfdkBuhxnChpOKNGxcQ71ow561Qoa6uqLdPtag==",
      "requires": {
        "@octokit/endpoint": "^6.0.1",
        "@octokit/request-error": "^2.0.0",
        "@octokit/types": "^6.7.1",
        "is-plain-object": "^5.0.0",
        "node-fetch": "^2.6.1",
        "universal-user-agent": "^6.0.0"
      }
    },
    "@octokit/request-error": {
      "version": "2.0.5",
      "resolved": "https://registry.npmjs.org/@octokit/request-error/-/request-error-2.0.5.tgz",
      "integrity": "sha512-T/2wcCFyM7SkXzNoyVNWjyVlUwBvW3igM3Btr/eKYiPmucXTtkxt2RBsf6gn3LTzaLSLTQtNmvg+dGsOxQrjZg==",
      "requires": {
        "@octokit/types": "^6.0.3",
        "deprecation": "^2.0.0",
        "once": "^1.4.0"
      }
    },
    "@octokit/rest": {
      "version": "18.5.3",
      "resolved": "https://registry.npmjs.org/@octokit/rest/-/rest-18.5.3.tgz",
      "integrity": "sha512-KPAsUCr1DOdLVbZJgGNuE/QVLWEaVBpFQwDAz/2Cnya6uW2wJ/P5RVGk0itx7yyN1aGa8uXm2pri4umEqG1JBA==",
      "requires": {
        "@octokit/core": "^3.2.3",
        "@octokit/plugin-paginate-rest": "^2.6.2",
        "@octokit/plugin-request-log": "^1.0.2",
        "@octokit/plugin-rest-endpoint-methods": "5.0.1"
      }
    },
    "@octokit/types": {
      "version": "6.14.2",
      "resolved": "https://registry.npmjs.org/@octokit/types/-/types-6.14.2.tgz",
      "integrity": "sha512-wiQtW9ZSy4OvgQ09iQOdyXYNN60GqjCL/UdMsepDr1Gr0QzpW6irIKbH3REuAHXAhxkEk9/F2a3Gcs1P6kW5jA==",
      "requires": {
        "@octokit/openapi-types": "^7.0.0"
      }
    },
    "@prisma/client": {
      "version": "2.23.0",
      "resolved": "https://registry.npmjs.org/@prisma/client/-/client-2.23.0.tgz",
      "integrity": "sha512-xsHdo3+wIH0hJVGfKHYTEKtifStjKH0b5t8t7hV32Fypq6+3uxhAi3F25yxuI4XSHXg21nb7Ha82lNwU/0TERA==",
      "requires": {
        "@prisma/engines-version": "2.23.0-36.adf5e8cba3daf12d456d911d72b6e9418681b28b"
      }
    },
    "@prisma/engines": {
      "version": "2.23.0-36.adf5e8cba3daf12d456d911d72b6e9418681b28b",
      "resolved": "https://registry.npmjs.org/@prisma/engines/-/engines-2.23.0-36.adf5e8cba3daf12d456d911d72b6e9418681b28b.tgz",
      "integrity": "sha512-Tgk3kggO5B9IT6mimJAw6HSxbFoDAuDKL3sHHSS41EnQm76j/nf4uhGZFPzOQwZWOLeT5ZLO2khr4/FCA9Nkhw==",
      "devOptional": true
    },
    "@prisma/engines-version": {
      "version": "2.23.0-36.adf5e8cba3daf12d456d911d72b6e9418681b28b",
      "resolved": "https://registry.npmjs.org/@prisma/engines-version/-/engines-version-2.23.0-36.adf5e8cba3daf12d456d911d72b6e9418681b28b.tgz",
      "integrity": "sha512-VNgnOe+oPQKmy3HOtWi/Q1fvcKZUQkf1OfTD1pzrLBx9tJPejyxt1Mq54L+OOAuYvfrua6bmfojFVLh7uXuWVw=="
    },
    "before-after-hook": {
      "version": "2.2.1",
      "resolved": "https://registry.npmjs.org/before-after-hook/-/before-after-hook-2.2.1.tgz",
      "integrity": "sha512-/6FKxSTWoJdbsLDF8tdIjaRiFXiE6UHsEHE3OPI/cwPURCVi1ukP0gmLn7XWEiFk5TcwQjjY5PWsU+j+tgXgmw=="
    },
    "deprecation": {
      "version": "2.3.1",
      "resolved": "https://registry.npmjs.org/deprecation/-/deprecation-2.3.1.tgz",
      "integrity": "sha512-xmHIy4F3scKVwMsQ4WnVaS8bHOx0DmVwRywosKhaILI0ywMDWPtBSku2HNxRvF7jtwDRsoEwYQSfbxj8b7RlJQ=="
    },
    "dotenv": {
      "version": "9.0.2",
      "resolved": "https://registry.npmjs.org/dotenv/-/dotenv-9.0.2.tgz",
      "integrity": "sha512-I9OvvrHp4pIARv4+x9iuewrWycX6CcZtoAu1XrzPxc5UygMJXJZYmBsynku8IkrJwgypE5DGNjDPmPRhDCptUg=="
    },
    "eris": {
      "version": "0.15.1",
      "resolved": "https://registry.npmjs.org/eris/-/eris-0.15.1.tgz",
      "integrity": "sha512-IQ3BPW6OjgFoqjdh+irPOa1jFlkotk+WNu2GQQ7QAQfbzQEPZgn+F+hpOxfMUXPHOZMX4sPKLkVDkMHAssBYhw==",
      "requires": {
        "opusscript": "^0.0.8",
        "tweetnacl": "^1.0.1",
        "ws": "^7.2.1"
      }
    },
    "is-plain-object": {
      "version": "5.0.0",
      "resolved": "https://registry.npmjs.org/is-plain-object/-/is-plain-object-5.0.0.tgz",
      "integrity": "sha512-VRSzKkbMm5jMDoKLbltAkFQ5Qr7VDiTFGXxYFXXowVj387GeGNOCsOH6Msy00SGZ3Fp84b1Naa1psqgcCIEP5Q=="
    },
    "js-base64": {
      "version": "3.6.0",
      "resolved": "https://registry.npmjs.org/js-base64/-/js-base64-3.6.0.tgz",
      "integrity": "sha512-wVdUBYQeY2gY73RIlPrysvpYx+2vheGo8Y1SNQv/BzHToWpAZzJU7Z6uheKMAe+GLSBig5/Ps2nxg/8tRB73xg=="
    },
    "node-fetch": {
      "version": "2.6.1",
      "resolved": "https://registry.npmjs.org/node-fetch/-/node-fetch-2.6.1.tgz",
      "integrity": "sha512-V4aYg89jEoVRxRb2fJdAg8FHvI7cEyYdVAh94HH0UIK8oJxUfkjlDQN9RbMx+bEjP7+ggMiFRprSti032Oipxw=="
    },
    "once": {
      "version": "1.4.0",
      "resolved": "https://registry.npmjs.org/once/-/once-1.4.0.tgz",
      "integrity": "sha1-WDsap3WWHUsROsF9nFC6753Xa9E=",
      "requires": {
        "wrappy": "1"
      }
    },
    "opusscript": {
      "version": "0.0.8",
      "resolved": "https://registry.npmjs.org/opusscript/-/opusscript-0.0.8.tgz",
      "integrity": "sha512-VSTi1aWFuCkRCVq+tx/BQ5q9fMnQ9pVZ3JU4UHKqTkf0ED3fKEPdr+gKAAl3IA2hj9rrP6iyq3hlcJq3HELtNQ==",
      "optional": true
    },
    "prisma": {
      "version": "2.23.0",
      "resolved": "https://registry.npmjs.org/prisma/-/prisma-2.23.0.tgz",
      "integrity": "sha512-3c/lmDy8nsPcEsfCufvCTJUEuwmAcTPbeGg9fL1qjlvS314duLUA/k2nm3n1rq4ImKqzeC5uaKfvI2IoAfwrJA==",
      "devOptional": true,
      "requires": {
        "@prisma/engines": "2.23.0-36.adf5e8cba3daf12d456d911d72b6e9418681b28b"
      }
    },
    "tweetnacl": {
      "version": "1.0.3",
      "resolved": "https://registry.npmjs.org/tweetnacl/-/tweetnacl-1.0.3.tgz",
      "integrity": "sha512-6rt+RN7aOi1nGMyC4Xa5DdYiukl2UWCbcJft7YhxReBGQD7OAM8Pbxw6YMo4r2diNEA8FEmu32YOn9rhaiE5yw==",
      "optional": true
    },
    "universal-user-agent": {
      "version": "6.0.0",
      "resolved": "https://registry.npmjs.org/universal-user-agent/-/universal-user-agent-6.0.0.tgz",
      "integrity": "sha512-isyNax3wXoKaulPDZWHQqbmIx1k2tb9fb3GGDBRxCscfYV2Ch7WxPArBsFEG8s/safwXTT7H4QGhaIkTp9447w=="
    },
    "wrappy": {
      "version": "1.0.2",
      "resolved": "https://registry.npmjs.org/wrappy/-/wrappy-1.0.2.tgz",
      "integrity": "sha1-tSQ9jz7BqjXxNkYFvA0QNuMKtp8="
    },
    "ws": {
      "version": "7.4.5",
      "resolved": "https://registry.npmjs.org/ws/-/ws-7.4.5.tgz",
      "integrity": "sha512-xzyu3hFvomRfXKH8vOFMU3OguG6oOvhXMo3xsGy3xWExqaM2dxBbVxuD99O7m3ZUFMvvscsZDqxfgMaRr/Nr1g==",
      "requires": {}
    }
  }
}
